{
  "_readme": [
    "This file locks the dependencies of your project to a known state",
    "Read more about it at https://getcomposer.org/doc/01-basic-usage.md#installing-dependencies",
    "This file is @generated automatically"
  ],
  "content-hash": "3f8b1b2c8c1a9c3e12f823aef8a2b16d",
  "packages": [],
  "packages-dev": [],
  "platform": {
    "php": ">=7.4"
  },
  "platform-dev": [],
  "plugin-api-version": "2.6.0"
}
